
Microsoft Visual Studio Solution File, Format Version 12.00
# Visual Studio 14
VisualStudioVersion = 14.0.25420.1
MinimumVisualStudioVersion = 10.0.40219.1
Project("{FAE04EC0-301F-11D3-BF4B-00C04F79EFBC}") = "AudioLibrary", "AudioLibrary\AudioLibrary.csproj", "{BC9546FA-B2A9-493B-BD24-85D9FBF38032}"
EndProject
Project("{FAE04EC0-301F-11D3-BF4B-00C04F79EFBC}") = "AudioSampleProducer", "AudioSampleProducer\AudioSampleProducer.csproj", "{953DB528-5067-4A35-8890-3AF5F4EA8B07}"
EndProject
Project("{2150E333-8FDC-42A3-9474-1A3956D46DE8}") = "Tests", "Tests", "{F8141C0A-690F-48A8-AFB3-962EEF8431EE}"
EndProject
Project("{FAE04EC0-301F-11D3-BF4B-00C04F79EFBC}") = "AudioLibraryTests", "Tests\AudioAnalysisLibraryTests\AudioLibraryTests.csproj", "{FCE67ABD-859A-4248-B790-FBA8761C149F}"
EndProject
Project("{FAE04EC0-301F-11D3-BF4B-00C04F79EFBC}") = "AudioSampleProducerTests", "Tests\AudioSampleProducerTests\AudioSampleProducerTests.csproj", "{F4C1A499-9F1D-44E5-9AFF-04B998FCC3D5}"
EndProject
Global
	GlobalSection(SolutionConfigurationPlatforms) = preSolution
		Debug|Any CPU = Debug|Any CPU
		Release|Any CPU = Release|Any CPU
	EndGlobalSection
	GlobalSection(ProjectConfigurationPlatforms) = postSolution
		{BC9546FA-B2A9-493B-BD24-85D9FBF38032}.Debug|Any CPU.ActiveCfg = Debug|Any CPU
		{BC9546FA-B2A9-493B-BD24-85D9FBF38032}.Debug|Any CPU.Build.0 = Debug|Any CPU
		{BC9546FA-B2A9-493B-BD24-85D9FBF38032}.Release|Any CPU.ActiveCfg = Release|Any CPU
		{BC9546FA-B2A9-493B-BD24-85D9FBF38032}.Release|Any CPU.Build.0 = Release|Any CPU
		{953DB528-5067-4A35-8890-3AF5F4EA8B07}.Debug|Any CPU.ActiveCfg = Debug|Any CPU
		{953DB528-5067-4A35-8890-3AF5F4EA8B07}.Debug|Any CPU.Build.0 = Debug|Any CPU
		{953DB528-5067-4A35-8890-3AF5F4EA8B07}.Release|Any CPU.ActiveCfg = Release|Any CPU
		{953DB528-5067-4A35-8890-3AF5F4EA8B07}.Release|Any CPU.Build.0 = Release|Any CPU
		{FCE67ABD-859A-4248-B790-FBA8761C149F}.Debug|Any CPU.ActiveCfg = Debug|Any CPU
		{FCE67ABD-859A-4248-B790-FBA8761C149F}.Debug|Any CPU.Build.0 = Debug|Any CPU
		{FCE67ABD-859A-4248-B790-FBA8761C149F}.Release|Any CPU.ActiveCfg = Release|Any CPU
		{FCE67ABD-859A-4248-B790-FBA8761C149F}.Release|Any CPU.Build.0 = Release|Any CPU
		{F4C1A499-9F1D-44E5-9AFF-04B998FCC3D5}.Debug|Any CPU.ActiveCfg = Debug|Any CPU
		{F4C1A499-9F1D-44E5-9AFF-04B998FCC3D5}.Debug|Any CPU.Build.0 = Debug|Any CPU
		{F4C1A499-9F1D-44E5-9AFF-04B998FCC3D5}.Release|Any CPU.ActiveCfg = Release|Any CPU
		{F4C1A499-9F1D-44E5-9AFF-04B998FCC3D5}.Release|Any CPU.Build.0 = Release|Any CPU
	EndGlobalSection
	GlobalSection(SolutionProperties) = preSolution
		HideSolutionNode = FALSE
	EndGlobalSection
	GlobalSection(NestedProjects) = preSolution
		{FCE67ABD-859A-4248-B790-FBA8761C149F} = {F8141C0A-690F-48A8-AFB3-962EEF8431EE}
		{F4C1A499-9F1D-44E5-9AFF-04B998FCC3D5} = {F8141C0A-690F-48A8-AFB3-962EEF8431EE}
	EndGlobalSection
EndGlobal
